// !$*UTF8*$!
{
	archiveVersion = 1;
	classes = {
	};
	objectVersion = 51;
	objects = {

/* Begin PBXBuildFile section */
		0EC0C0151A0586C6CFB27F09 /* Pods_AlarmChartsApp.framework in Frameworks */ = {isa = PBXBuildFile; fileRef = 337FBA223CF1EC8E93950F99 /* Pods_AlarmChartsApp.framework */; };
		CC5D8DB222C99ABC003793CE /* AppDelegate.swift in Sources */ = {isa = PBXBuildFile; fileRef = CC5D8DB122C99ABC003793CE /* AppDelegate.swift */; };
		CC5D8DB422C99ABC003793CE /* ViewController.swift in Sources */ = {isa = PBXBuildFile; fileRef = CC5D8DB322C99ABC003793CE /* ViewController.swift */; };
		CC5D8DB722C99ABC003793CE /* Main.storyboard in Resources */ = {isa = PBXBuildFile; fileRef = CC5D8DB522C99ABC003793CE /* Main.storyboard */; };
		CC5D8DBA22C99ABC003793CE /* AlarmChartsApp.xcdatamodeld in Sources */ = {isa = PBXBuildFile; fileRef = CC5D8DB822C99ABC003793CE /* AlarmChartsApp.xcdatamodeld */; };
		CC5D8DBC22C99ABF003793CE /* Assets.xcassets in Resources */ = {isa = PBXBuildFile; fileRef = CC5D8DBB22C99ABF003793CE /* Assets.xcassets */; };
		CC5D8DBF22C99ABF003793CE /* LaunchScreen.storyboard in Resources */ = {isa = PBXBuildFile; fileRef = CC5D8DBD22C99ABF003793CE /* LaunchScreen.storyboard */; };
		CC65E17B22D3244E00CEB2D2 /* LineChartController2.swift in Sources */ = {isa = PBXBuildFile; fileRef = CC65E17A22D3244E00CEB2D2 /* LineChartController2.swift */; };
		CC65E17D22D3304400CEB2D2 /* LineChartController3.swift in Sources */ = {isa = PBXBuildFile; fileRef = CC65E17C22D3304400CEB2D2 /* LineChartController3.swift */; };
		CC65E17F22D3314D00CEB2D2 /* LineChartController4.swift in Sources */ = {isa = PBXBuildFile; fileRef = CC65E17E22D3314D00CEB2D2 /* LineChartController4.swift */; };
		CC65E18122D3326900CEB2D2 /* HistoryController.swift in Sources */ = {isa = PBXBuildFile; fileRef = CC65E18022D3326900CEB2D2 /* HistoryController.swift */; };
		CC81DC6622E83F3E00831ABE /* sparkTrendController.swift in Sources */ = {isa = PBXBuildFile; fileRef = CC81DC6522E83F3E00831ABE /* sparkTrendController.swift */; };
		CC8BFB9E22CDD62B00871EE7 /* LineChartController.swift in Sources */ = {isa = PBXBuildFile; fileRef = CC8BFB9D22CDD62B00871EE7 /* LineChartController.swift */; };
		CCAE25EB2316565A00204255 /* Singletons.swift in Sources */ = {isa = PBXBuildFile; fileRef = CCAE25EA2316565A00204255 /* Singletons.swift */; };
		CCBCE1352314D1F30056F4B1 /* screen2.storyboard in Resources */ = {isa = PBXBuildFile; fileRef = CCBCE1342314D1F30056F4B1 /* screen2.storyboard */; };
		CCBCE13A2314D2B50056F4B1 /* screen2controller.swift in Sources */ = {isa = PBXBuildFile; fileRef = CCBCE1392314D2B50056F4B1 /* screen2controller.swift */; };
		CCC6071B2303EAEA00E45E1F /* chiller1.storyboard in Resources */ = {isa = PBXBuildFile; fileRef = CCC6071A2303EAEA00E45E1F /* chiller1.storyboard */; };
		CCC6071D2303EECA00E45E1F /* chiller2.storyboard in Resources */ = {isa = PBXBuildFile; fileRef = CCC6071C2303EECA00E45E1F /* chiller2.storyboard */; };
		CCC6071F2303EEDA00E45E1F /* chiller3.storyboard in Resources */ = {isa = PBXBuildFile; fileRef = CCC6071E2303EEDA00E45E1F /* chiller3.storyboard */; };
		CCC607212303EEEB00E45E1F /* chiller4.storyboard in Resources */ = {isa = PBXBuildFile; fileRef = CCC607202303EEEB00E45E1F /* chiller4.storyboard */; };
		CCC607232303EF1200E45E1F /* history.storyboard in Resources */ = {isa = PBXBuildFile; fileRef = CCC607222303EF1200E45E1F /* history.storyboard */; };
		CCC9A83D2303E2C500043065 /* trend.storyboard in Resources */ = {isa = PBXBuildFile; fileRef = CCC9A83C2303E2C500043065 /* trend.storyboard */; };
		CCEC19512303B03C001F25FE /* pieChart.storyboard in Resources */ = {isa = PBXBuildFile; fileRef = CCEC19502303B03C001F25FE /* pieChart.storyboard */; };
/* End PBXBuildFile section */

/* Begin PBXFileReference section */
		1417C0AE1ADC40EC5806DE2C /* Pods-AlarmChartsApp.debug.xcconfig */ = {isa = PBXFileReference; includeInIndex = 1; lastKnownFileType = text.xcconfig; name = "Pods-AlarmChartsApp.debug.xcconfig"; path = "Target Support Files/Pods-AlarmChartsApp/Pods-AlarmChartsApp.debug.xcconfig"; sourceTree = "<group>"; };
		337FBA223CF1EC8E93950F99 /* Pods_AlarmChartsApp.framework */ = {isa = PBXFileReference; explicitFileType = wrapper.framework; includeInIndex = 0; path = Pods_AlarmChartsApp.framework; sourceTree = BUILT_PRODUCTS_DIR; };
		742E07C93F5F22EC2AEEC9A9 /* Pods-AlarmChartsApp.release.xcconfig */ = {isa = PBXFileReference; includeInIndex = 1; lastKnownFileType = text.xcconfig; name = "Pods-AlarmChartsApp.release.xcconfig"; path = "Target Support Files/Pods-AlarmChartsApp/Pods-AlarmChartsApp.release.xcconfig"; sourceTree = "<group>"; };
		CC5D8DAE22C99ABC003793CE /* AlarmChartsApp.app */ = {isa = PBXFileReference; explicitFileType = wrapper.application; includeInIndex = 0; path = AlarmChartsApp.app; sourceTree = BUILT_PRODUCTS_DIR; };
		CC5D8DB122C99ABC003793CE /* AppDelegate.swift */ = {isa = PBXFileReference; lastKnownFileType = sourcecode.swift; path = AppDelegate.swift; sourceTree = "<group>"; };
		CC5D8DB322C99ABC003793CE /* ViewController.swift */ = {isa = PBXFileReference; lastKnownFileType = sourcecode.swift; path = ViewController.swift; sourceTree = "<group>"; };
		CC5D8DB622C99ABC003793CE /* Base */ = {isa = PBXFileReference; lastKnownFileType = file.storyboard; name = Base; path = Base.lproj/Main.storyboard; sourceTree = "<group>"; };
		CC5D8DB922C99ABC003793CE /* AlarmChartsApp.xcdatamodel */ = {isa = PBXFileReference; lastKnownFileType = wrapper.xcdatamodel; path = AlarmChartsApp.xcdatamodel; sourceTree = "<group>"; };
		CC5D8DBB22C99ABF003793CE /* Assets.xcassets */ = {isa = PBXFileReference; lastKnownFileType = folder.assetcatalog; path = Assets.xcassets; sourceTree = "<group>"; };
		CC5D8DBE22C99ABF003793CE /* Base */ = {isa = PBXFileReference; lastKnownFileType = file.storyboard; name = Base; path = Base.lproj/LaunchScreen.storyboard; sourceTree = "<group>"; };
		CC5D8DC022C99ABF003793CE /* Info.plist */ = {isa = PBXFileReference; lastKnownFileType = text.plist.xml; path = Info.plist; sourceTree = "<group>"; };
		CC65E17A22D3244E00CEB2D2 /* LineChartController2.swift */ = {isa = PBXFileReference; lastKnownFileType = sourcecode.swift; path = LineChartController2.swift; sourceTree = "<group>"; };
		CC65E17C22D3304400CEB2D2 /* LineChartController3.swift */ = {isa = PBXFileReference; lastKnownFileType = sourcecode.swift; path = LineChartController3.swift; sourceTree = "<group>"; };
		CC65E17E22D3314D00CEB2D2 /* LineChartController4.swift */ = {isa = PBXFileReference; lastKnownFileType = sourcecode.swift; path = LineChartController4.swift; sourceTree = "<group>"; };
		CC65E18022D3326900CEB2D2 /* HistoryController.swift */ = {isa = PBXFileReference; lastKnownFileType = sourcecode.swift; path = HistoryController.swift; sourceTree = "<group>"; };
		CC81DC6522E83F3E00831ABE /* sparkTrendController.swift */ = {isa = PBXFileReference; lastKnownFileType = sourcecode.swift; name = sparkTrendController.swift; path = ../sparkTrendController.swift; sourceTree = "<group>"; };
		CC8BFB9D22CDD62B00871EE7 /* LineChartController.swift */ = {isa = PBXFileReference; lastKnownFileType = sourcecode.swift; path = LineChartController.swift; sourceTree = "<group>"; };
		CCAE25EA2316565A00204255 /* Singletons.swift */ = {isa = PBXFileReference; lastKnownFileType = sourcecode.swift; path = Singletons.swift; sourceTree = "<group>"; };
		CCBCE1342314D1F30056F4B1 /* screen2.storyboard */ = {isa = PBXFileReference; lastKnownFileType = file.storyboard; path = screen2.storyboard; sourceTree = "<group>"; };
		CCBCE1392314D2B50056F4B1 /* screen2controller.swift */ = {isa = PBXFileReference; lastKnownFileType = sourcecode.swift; path = screen2controller.swift; sourceTree = "<group>"; };
		CCC6071A2303EAEA00E45E1F /* chiller1.storyboard */ = {isa = PBXFileReference; lastKnownFileType = file.storyboard; path = chiller1.storyboard; sourceTree = "<group>"; };
		CCC6071C2303EECA00E45E1F /* chiller2.storyboard */ = {isa = PBXFileReference; lastKnownFileType = file.storyboard; path = chiller2.storyboard; sourceTree = "<group>"; };
		CCC6071E2303EEDA00E45E1F /* chiller3.storyboard */ = {isa = PBXFileReference; lastKnownFileType = file.storyboard; path = chiller3.storyboard; sourceTree = "<group>"; };
		CCC607202303EEEB00E45E1F /* chiller4.storyboard */ = {isa = PBXFileReference; lastKnownFileType = file.storyboard; path = chiller4.storyboard; sourceTree = "<group>"; };
		CCC607222303EF1200E45E1F /* history.storyboard */ = {isa = PBXFileReference; lastKnownFileType = file.storyboard; path = history.storyboard; sourceTree = "<group>"; };
		CCC9A83C2303E2C500043065 /* trend.storyboard */ = {isa = PBXFileReference; lastKnownFileType = file.storyboard; path = trend.storyboard; sourceTree = "<group>"; };
		CCEC19502303B03C001F25FE /* pieChart.storyboard */ = {isa = PBXFileReference; lastKnownFileType = file.storyboard; path = pieChart.storyboard; sourceTree = "<group>"; };
/* End PBXFileReference section */

/* Begin PBXFrameworksBuildPhase section */
		CC5D8DAB22C99ABC003793CE /* Frameworks */ = {
			isa = PBXFrameworksBuildPhase;
			buildActionMask = 2147483647;
			files = (
				0EC0C0151A0586C6CFB27F09 /* Pods_AlarmChartsApp.framework in Frameworks */,
			);
			runOnlyForDeploymentPostprocessing = 0;
		};
/* End PBXFrameworksBuildPhase section */

/* Begin PBXGroup section */
		82F7D93EED6A2A1E53469406 /* Frameworks */ = {
			isa = PBXGroup;
			children = (
				337FBA223CF1EC8E93950F99 /* Pods_AlarmChartsApp.framework */,
			);
			name = Frameworks;
			sourceTree = "<group>";
		};
		8BE15230471168F9C91074C1 /* Pods */ = {
			isa = PBXGroup;
			children = (
				1417C0AE1ADC40EC5806DE2C /* Pods-AlarmChartsApp.debug.xcconfig */,
				742E07C93F5F22EC2AEEC9A9 /* Pods-AlarmChartsApp.release.xcconfig */,
			);
			path = Pods;
			sourceTree = "<group>";
		};
		CC5D8DA522C99ABC003793CE = {
			isa = PBXGroup;
			children = (
				CC5D8DB022C99ABC003793CE /* AlarmChartsApp */,
				CC5D8DAF22C99ABC003793CE /* Products */,
				8BE15230471168F9C91074C1 /* Pods */,
				82F7D93EED6A2A1E53469406 /* Frameworks */,
			);
			sourceTree = "<group>";
		};
		CC5D8DAF22C99ABC003793CE /* Products */ = {
			isa = PBXGroup;
			children = (
				CC5D8DAE22C99ABC003793CE /* AlarmChartsApp.app */,
			);
			name = Products;
			sourceTree = "<group>";
		};
		CC5D8DB022C99ABC003793CE /* AlarmChartsApp */ = {
			isa = PBXGroup;
			children = (
				CCEC194F2303B001001F25FE /* Storyboards */,
				CC5D8DB122C99ABC003793CE /* AppDelegate.swift */,
				CC5D8DB322C99ABC003793CE /* ViewController.swift */,
				CCBCE1392314D2B50056F4B1 /* screen2controller.swift */,
				CC8BFB9D22CDD62B00871EE7 /* LineChartController.swift */,
				CC65E17A22D3244E00CEB2D2 /* LineChartController2.swift */,
				CC65E17C22D3304400CEB2D2 /* LineChartController3.swift */,
				CC65E17E22D3314D00CEB2D2 /* LineChartController4.swift */,
				CC65E18022D3326900CEB2D2 /* HistoryController.swift */,
				CC81DC6522E83F3E00831ABE /* sparkTrendController.swift */,
				CC5D8DBB22C99ABF003793CE /* Assets.xcassets */,
				CC5D8DBD22C99ABF003793CE /* LaunchScreen.storyboard */,
				CC5D8DC022C99ABF003793CE /* Info.plist */,
				CC5D8DB822C99ABC003793CE /* AlarmChartsApp.xcdatamodeld */,
				CCAE25EA2316565A00204255 /* Singletons.swift */,
			);
			path = AlarmChartsApp;
			sourceTree = "<group>";
		};
		CCEC194F2303B001001F25FE /* Storyboards */ = {
			isa = PBXGroup;
			children = (
				CC5D8DB522C99ABC003793CE /* Main.storyboard */,
				CCBCE1342314D1F30056F4B1 /* screen2.storyboard */,
				CCEC19502303B03C001F25FE /* pieChart.storyboard */,
				CCC9A83C2303E2C500043065 /* trend.storyboard */,
				CCC6071A2303EAEA00E45E1F /* chiller1.storyboard */,
				CCC6071C2303EECA00E45E1F /* chiller2.storyboard */,
				CCC6071E2303EEDA00E45E1F /* chiller3.storyboard */,
				CCC607202303EEEB00E45E1F /* chiller4.storyboard */,
				CCC607222303EF1200E45E1F /* history.storyboard */,
			);
			path = Storyboards;
			sourceTree = "<group>";
		};
/* End PBXGroup section */

/* Begin PBXNativeTarget section */
		CC5D8DAD22C99ABC003793CE /* AlarmChartsApp */ = {
			isa = PBXNativeTarget;
			buildConfigurationList = CC5D8DC322C99ABF003793CE /* Build configuration list for PBXNativeTarget "AlarmChartsApp" */;
			buildPhases = (
				A8997396AB2389D8635F062B /* [CP] Check Pods Manifest.lock */,
				CC5D8DAA22C99ABC003793CE /* Sources */,
				CC5D8DAB22C99ABC003793CE /* Frameworks */,
				CC5D8DAC22C99ABC003793CE /* Resources */,
				061846B97B9767965D7877DE /* [CP] Embed Pods Frameworks */,
			);
			buildRules = (
			);
			dependencies = (
			);
			name = AlarmChartsApp;
			productName = AlarmChartsApp;
			productReference = CC5D8DAE22C99ABC003793CE /* AlarmChartsApp.app */;
			productType = "com.apple.product-type.application";
		};
/* End PBXNativeTarget section */

/* Begin PBXProject section */
		CC5D8DA622C99ABC003793CE /* Project object */ = {
			isa = PBXProject;
			attributes = {
				LastSwiftUpdateCheck = 1020;
				LastUpgradeCheck = 1020;
				ORGANIZATIONNAME = imdadsl;
				TargetAttributes = {
					CC5D8DAD22C99ABC003793CE = {
						CreatedOnToolsVersion = 10.2.1;
						LastSwiftMigration = 1030;
					};
				};
			};
			buildConfigurationList = CC5D8DA922C99ABC003793CE /* Build configuration list for PBXProject "AlarmChartsApp" */;
			compatibilityVersion = "Xcode 9.3";
			developmentRegion = en;
			hasScannedForEncodings = 0;
			knownRegions = (
				en,
				Base,
			);
			mainGroup = CC5D8DA522C99ABC003793CE;
			productRefGroup = CC5D8DAF22C99ABC003793CE /* Products */;
			projectDirPath = "";
			projectRoot = "";
			targets = (
				CC5D8DAD22C99ABC003793CE /* AlarmChartsApp */,
			);
		};
/* End PBXProject section */

/* Begin PBXResourcesBuildPhase section */
		CC5D8DAC22C99ABC003793CE /* Resources */ = {
			isa = PBXResourcesBuildPhase;
			buildActionMask = 2147483647;
			files = (
				CCC607212303EEEB00E45E1F /* chiller4.storyboard in Resources */,
				CCBCE1352314D1F30056F4B1 /* screen2.storyboard in Resources */,
				CCC6071F2303EEDA00E45E1F /* chiller3.storyboard in Resources */,
				CC5D8DBF22C99ABF003793CE /* LaunchScreen.storyboard in Resources */,
				CCC607232303EF1200E45E1F /* history.storyboard in Resources */,
				CCC9A83D2303E2C500043065 /* trend.storyboard in Resources */,
				CC5D8DBC22C99ABF003793CE /* Assets.xcassets in Resources */,
				CCEC19512303B03C001F25FE /* pieChart.storyboard in Resources */,
				CCC6071B2303EAEA00E45E1F /* chiller1.storyboard in Resources */,
				CCC6071D2303EECA00E45E1F /* chiller2.storyboard in Resources */,
				CC5D8DB722C99ABC003793CE /* Main.storyboard in Resources */,
			);
			runOnlyForDeploymentPostprocessing = 0;
		};
/* End PBXResourcesBuildPhase section */

/* Begin PBXShellScriptBuildPhase section */
		061846B97B9767965D7877DE /* [CP] Embed Pods Frameworks */ = {
			isa = PBXShellScriptBuildPhase;
			buildActionMask = 2147483647;
			files = (
			);
			inputFileListPaths = (
				"${PODS_ROOT}/Target Support Files/Pods-AlarmChartsApp/Pods-AlarmChartsApp-frameworks-${CONFIGURATION}-input-files.xcfilelist",
			);
			name = "[CP] Embed Pods Frameworks";
			outputFileListPaths = (
				"${PODS_ROOT}/Target Support Files/Pods-AlarmChartsApp/Pods-AlarmChartsApp-frameworks-${CONFIGURATION}-output-files.xcfilelist",
			);
			runOnlyForDeploymentPostprocessing = 0;
			shellPath = /bin/sh;
			shellScript = "\"${PODS_ROOT}/Target Support Files/Pods-AlarmChartsApp/Pods-AlarmChartsApp-frameworks.sh\"\n";
			showEnvVarsInLog = 0;
		};
		A8997396AB2389D8635F062B /* [CP] Check Pods Manifest.lock */ = {
			isa = PBXShellScriptBuildPhase;
			buildActionMask = 2147483647;
			files = (
			);
			inputFileListPaths = (
			);
			inputPaths = (
				"${PODS_PODFILE_DIR_PATH}/Podfile.lock",
				"${PODS_ROOT}/Manifest.lock",
			);
			name = "[CP] Check Pods Manifest.lock";
			outputFileListPaths = (
			);
			outputPaths = (
				"$(DERIVED_FILE_DIR)/Pods-AlarmChartsApp-checkManifestLockResult.txt",
			);
			runOnlyForDeploymentPostprocessing = 0;
			shellPath = /bin/sh;
			shellScript = "diff \"${PODS_PODFILE_DIR_PATH}/Podfile.lock\" \"${PODS_ROOT}/Manifest.lock\" > /dev/null\nif [ $? != 0 ] ; then\n    # print error to STDERR\n    echo \"error: The sandbox is not in sync with the Podfile.lock. Run 'pod install' or update your CocoaPods installation.\" >&2\n    exit 1\nfi\n# This output is used by Xcode 'outputs' to avoid re-running this script phase.\necho \"SUCCESS\" > \"${SCRIPT_OUTPUT_FILE_0}\"\n";
			showEnvVarsInLog = 0;
		};
/* End PBXShellScriptBuildPhase section */

/* Begin PBXSourcesBuildPhase section */
		CC5D8DAA22C99ABC003793CE /* Sources */ = {
			isa = PBXSourcesBuildPhase;
			buildActionMask = 2147483647;
			files = (
				CC65E18122D3326900CEB2D2 /* HistoryController.swift in Sources */,
				CC5D8DB422C99ABC003793CE /* ViewController.swift in Sources */,
				CCBCE13A2314D2B50056F4B1 /* screen2controller.swift in Sources */,
				CC5D8DBA22C99ABC003793CE /* AlarmChartsApp.xcdatamodeld in Sources */,
				CC65E17F22D3314D00CEB2D2 /* LineChartController4.swift in Sources */,
				CC8BFB9E22CDD62B00871EE7 /* LineChartController.swift in Sources */,
				CCAE25EB2316565A00204255 /* Singletons.swift in Sources */,
				CC81DC6622E83F3E00831ABE /* sparkTrendController.swift in Sources */,
				CC65E17B22D3244E00CEB2D2 /* LineChartController2.swift in Sources */,
				CC65E17D22D3304400CEB2D2 /* LineChartController3.swift in Sources */,
				CC5D8DB222C99ABC003793CE /* AppDelegate.swift in Sources */,
			);
			runOnlyForDeploymentPostprocessing = 0;
		};
/* End PBXSourcesBuildPhase section */

/* Begin PBXVariantGroup section */
		CC5D8DB522C99ABC003793CE /* Main.storyboard */ = {
			isa = PBXVariantGroup;
			children = (
				CC5D8DB622C99ABC003793CE /* Base */,
			);
			name = Main.storyboard;
			sourceTree = "<group>";
		};
		CC5D8DBD22C99ABF003793CE /* LaunchScreen.storyboard */ = {
			isa = PBXVariantGroup;
			children = (
				CC5D8DBE22C99ABF003793CE /* Base */,
			);
			name = LaunchScreen.storyboard;
			sourceTree = "<group>";
		};
/* End PBXVariantGroup section */

/* Begin XCBuildConfiguration section */
		CC5D8DC122C99ABF003793CE /* Debug */ = {
			isa = XCBuildConfiguration;
			buildSettings = {
				ALWAYS_SEARCH_USER_PATHS = NO;
				CLANG_ANALYZER_NONNULL = YES;
				CLANG_ANALYZER_NUMBER_OBJECT_CONVERSION = YES_AGGRESSIVE;
				CLANG_CXX_LANGUAGE_STANDARD = "gnu++14";
				CLANG_CXX_LIBRARY = "libc++";
				CLANG_ENABLE_MODULES = YES;
				CLANG_ENABLE_OBJC_ARC = YES;
				CLANG_ENABLE_OBJC_WEAK = YES;
				CLANG_WARN_BLOCK_CAPTURE_AUTORELEASING = YES;
				CLANG_WARN_BOOL_CONVERSION = YES;
				CLANG_WARN_COMMA = YES;
				CLANG_WARN_CONSTANT_CONVERSION = YES;
				CLANG_WARN_DEPRECATED_OBJC_IMPLEMENTATIONS = YES;
				CLANG_WARN_DIRECT_OBJC_ISA_USAGE = YES_ERROR;
				CLANG_WARN_DOCUMENTATION_COMMENTS = YES;
				CLANG_WARN_EMPTY_BODY = YES;
				CLANG_WARN_ENUM_CONVERSION = YES;
				CLANG_WARN_INFINITE_RECURSION = YES;
				CLANG_WARN_INT_CONVERSION = YES;
				CLANG_WARN_NON_LITERAL_NULL_CONVERSION = YES;
				CLANG_WARN_OBJC_IMPLICIT_RETAIN_SELF = YES;
				CLANG_WARN_OBJC_LITERAL_CONVERSION = YES;
				CLANG_WARN_OBJC_ROOT_CLASS = YES_ERROR;
				CLANG_WARN_RANGE_LOOP_ANALYSIS = YES;
				CLANG_WARN_STRICT_PROTOTYPES = YES;
				CLANG_WARN_SUSPICIOUS_MOVE = YES;
				CLANG_WARN_UNGUARDED_AVAILABILITY = YES_AGGRESSIVE;
				CLANG_WARN_UNREACHABLE_CODE = YES;
				CLANG_WARN__DUPLICATE_METHOD_MATCH = YES;
				CODE_SIGN_IDENTITY = "iPhone Developer";
				COPY_PHASE_STRIP = NO;
				DEBUG_INFORMATION_FORMAT = dwarf;
				ENABLE_STRICT_OBJC_MSGSEND = YES;
				ENABLE_TESTABILITY = YES;
				GCC_C_LANGUAGE_STANDARD = gnu11;
				GCC_DYNAMIC_NO_PIC = NO;
				GCC_NO_COMMON_BLOCKS = YES;
				GCC_OPTIMIZATION_LEVEL = 0;
				GCC_PREPROCESSOR_DEFINITIONS = (
					"DEBUG=1",
					"$(inherited)",
				);
				GCC_WARN_64_TO_32_BIT_CONVERSION = YES;
				GCC_WARN_ABOUT_RETURN_TYPE = YES_ERROR;
				GCC_WARN_UNDECLARED_SELECTOR = YES;
				GCC_WARN_UNINITIALIZED_AUTOS = YES_AGGRESSIVE;
				GCC_WARN_UNUSED_FUNCTION = YES;
				GCC_WARN_UNUSED_VARIABLE = YES;
				IPHONEOS_DEPLOYMENT_TARGET = 12.2;
				MTL_ENABLE_DEBUG_INFO = INCLUDE_SOURCE;
				MTL_FAST_MATH = YES;
				ONLY_ACTIVE_ARCH = YES;
				SDKROOT = iphoneos;
				SWIFT_ACTIVE_COMPILATION_CONDITIONS = DEBUG;
				SWIFT_OPTIMIZATION_LEVEL = "-Onone";
			};
			name = Debug;
		};
		CC5D8DC222C99ABF003793CE /* Release */ = {
			isa = XCBuildConfiguration;
			buildSettings = {
				ALWAYS_SEARCH_USER_PATHS = NO;
				CLANG_ANALYZER_NONNULL = YES;
				CLANG_ANALYZER_NUMBER_OBJECT_CONVERSION = YES_AGGRESSIVE;
				CLANG_CXX_LANGUAGE_STANDARD = "gnu++14";
				CLANG_CXX_LIBRARY = "libc++";
				CLANG_ENABLE_MODULES = YES;
				CLANG_ENABLE_OBJC_ARC = YES;
				CLANG_ENABLE_OBJC_WEAK = YES;
				CLANG_WARN_BLOCK_CAPTURE_AUTORELEASING = YES;
				CLANG_WARN_BOOL_CONVERSION = YES;
				CLANG_WARN_COMMA = YES;
				CLANG_WARN_CONSTANT_CONVERSION = YES;
				CLANG_WARN_DEPRECATED_OBJC_IMPLEMENTATIONS = YES;
				CLANG_WARN_DIRECT_OBJC_ISA_USAGE = YES_ERROR;
				CLANG_WARN_DOCUMENTATION_COMMENTS = YES;
				CLANG_WARN_EMPTY_BODY = YES;
				CLANG_WARN_ENUM_CONVERSION = YES;
				CLANG_WARN_INFINITE_RECURSION = YES;
				CLANG_WARN_INT_CONVERSION = YES;
				CLANG_WARN_NON_LITERAL_NULL_CONVERSION = YES;
				CLANG_WARN_OBJC_IMPLICIT_RETAIN_SELF = YES;
				CLANG_WARN_OBJC_LITERAL_CONVERSION = YES;
				CLANG_WARN_OBJC_ROOT_CLASS = YES_ERROR;
				CLANG_WARN_RANGE_LOOP_ANALYSIS = YES;
				CLANG_WARN_STRICT_PROTOTYPES = YES;
				CLANG_WARN_SUSPICIOUS_MOVE = YES;
				CLANG_WARN_UNGUARDED_AVAILABILITY = YES_AGGRESSIVE;
				CLANG_WARN_UNREACHABLE_CODE = YES;
				CLANG_WARN__DUPLICATE_METHOD_MATCH = YES;
				CODE_SIGN_IDENTITY = "iPhone Developer";
				COPY_PHASE_STRIP = NO;
				DEBUG_INFORMATION_FORMAT = "dwarf-with-dsym";
				ENABLE_NS_ASSERTIONS = NO;
				ENABLE_STRICT_OBJC_MSGSEND = YES;
				GCC_C_LANGUAGE_STANDARD = gnu11;
				GCC_NO_COMMON_BLOCKS = YES;
				GCC_WARN_64_TO_32_BIT_CONVERSION = YES;
				GCC_WARN_ABOUT_RETURN_TYPE = YES_ERROR;
				GCC_WARN_UNDECLARED_SELECTOR = YES;
				GCC_WARN_UNINITIALIZED_AUTOS = YES_AGGRESSIVE;
				GCC_WARN_UNUSED_FUNCTION = YES;
				GCC_WARN_UNUSED_VARIABLE = YES;
				IPHONEOS_DEPLOYMENT_TARGET = 12.2;
				MTL_ENABLE_DEBUG_INFO = NO;
				MTL_FAST_MATH = YES;
				SDKROOT = iphoneos;
				SWIFT_COMPILATION_MODE = wholemodule;
				SWIFT_OPTIMIZATION_LEVEL = "-O";
				VALIDATE_PRODUCT = YES;
			};
			name = Release;
		};
		CC5D8DC422C99ABF003793CE /* Debug */ = {
			isa = XCBuildConfiguration;
			baseConfigurationReference = 1417C0AE1ADC40EC5806DE2C /* Pods-AlarmChartsApp.debug.xcconfig */;
			buildSettings = {
				ASSETCATALOG_COMPILER_APPICON_NAME = AppIcon;
				CLANG_ENABLE_MODULES = YES;
				CODE_SIGN_STYLE = Automatic;
				DEVELOPMENT_TEAM = RL7SS7F5J5;
				INFOPLIST_FILE = AlarmChartsApp/Info.plist;
				LD_RUNPATH_SEARCH_PATHS = (
					"$(inherited)",
					"@executable_path/Frameworks",
				);
				PRODUCT_BUNDLE_IDENTIFIER = imdadsl.AlarmChartsApp;
				PRODUCT_NAME = "$(TARGET_NAME)";
				SWIFT_OPTIMIZATION_LEVEL = "-Onone";
				SWIFT_VERSION = 5.0;
				TARGETED_DEVICE_FAMILY = "1,2";
			};
			name = Debug;
		};
		CC5D8DC522C99ABF003793CE /* Release */ = {
			isa = XCBuildConfiguration;
			baseConfigurationReference = 742E07C93F5F22EC2AEEC9A9 /* Pods-AlarmChartsApp.release.xcconfig */;
			buildSettings = {
				ASSETCATALOG_COMPILER_APPICON_NAME = AppIcon;
				CLANG_ENABLE_MODULES = YES;
				CODE_SIGN_STYLE = Automatic;
				DEVELOPMENT_TEAM = RL7SS7F5J5;
				INFOPLIST_FILE = AlarmChartsApp/Info.plist;
				LD_RUNPATH_SEARCH_PATHS = (
					"$(inherited)",
					"@executable_path/Frameworks",
				);
				PRODUCT_BUNDLE_IDENTIFIER = imdadsl.AlarmChartsApp;
				PRODUCT_NAME = "$(TARGET_NAME)";
				SWIFT_VERSION = 5.0;
				TARGETED_DEVICE_FAMILY = "1,2";
			};
			name = Release;
		};
/* End XCBuildConfiguration section */

/* Begin XCConfigurationList section */
		CC5D8DA922C99ABC003793CE /* Build configuration list for PBXProject "AlarmChartsApp" */ = {
			isa = XCConfigurationList;
			buildConfigurations = (
				CC5D8DC122C99ABF003793CE /* Debug */,
				CC5D8DC222C99ABF003793CE /* Release */,
			);
			defaultConfigurationIsVisible = 0;
			defaultConfigurationName = Release;
		};
		CC5D8DC322C99ABF003793CE /* Build configuration list for PBXNativeTarget "AlarmChartsApp" */ = {
			isa = XCConfigurationList;
			buildConfigurations = (
				CC5D8DC422C99ABF003793CE /* Debug */,
				CC5D8DC522C99ABF003793CE /* Release */,
			);
			defaultConfigurationIsVisible = 0;
			defaultConfigurationName = Release;
		};
/* End XCConfigurationList section */

/* Begin XCVersionGroup section */
		CC5D8DB822C99ABC003793CE /* AlarmChartsApp.xcdatamodeld */ = {
			isa = XCVersionGroup;
			children = (
				CC5D8DB922C99ABC003793CE /* AlarmChartsApp.xcdatamodel */,
			);
			currentVersion = CC5D8DB922C99ABC003793CE /* AlarmChartsApp.xcdatamodel */;
			path = AlarmChartsApp.xcdatamodeld;
			sourceTree = "<group>";
			versionGroupType = wrapper.xcdatamodel;
		};
/* End XCVersionGroup section */
	};
	rootObject = CC5D8DA622C99ABC003793CE /* Project object */;
}
